// !$*UTF8*$!
{
	archiveVersion = 1;
	classes = {
	};
	objectVersion = 77;
	objects = {

/* Begin PBXBuildFile section */
		0500B8A02DB8AB47007EA538 /* SwiftUIIntrospect in Frameworks */ = {isa = PBXBuildFile; productRef = 0500B89F2DB8AB47007EA538 /* SwiftUIIntrospect */; };
		05145EBD2DC16C37001461B6 /* AppModules in Frameworks */ = {isa = PBXBuildFile; productRef = 05145EBC2DC16C37001461B6 /* AppModules */; };
/* End PBXBuildFile section */

/* Begin PBXContainerItemProxy section */
		0520E9112DB442B6002B0A87 /* PBXContainerItemProxy */ = {
			isa = PBXContainerItemProxy;
			containerPortal = 0520E8FB2DB442B5002B0A87 /* Project object */;
			proxyType = 1;
			remoteGlobalIDString = 0520E9022DB442B5002B0A87;
			remoteInfo = HatchAssignment;
		};
		0520E91B2DB442B6002B0A87 /* PBXContainerItemProxy */ = {
			isa = PBXContainerItemProxy;
			containerPortal = 0520E8FB2DB442B5002B0A87 /* Project object */;
			proxyType = 1;
			remoteGlobalIDString = 0520E9022DB442B5002B0A87;
			remoteInfo = HatchAssignment;
		};
/* End PBXContainerItemProxy section */

/* Begin PBXFileReference section */
		0520E9032DB442B5002B0A87 /* HatchAssignment.app */ = {isa = PBXFileReference; explicitFileType = wrapper.application; includeInIndex = 0; path = HatchAssignment.app; sourceTree = BUILT_PRODUCTS_DIR; };
		0520E9102DB442B6002B0A87 /* HatchAssignmentTests.xctest */ = {isa = PBXFileReference; explicitFileType = wrapper.cfbundle; includeInIndex = 0; path = HatchAssignmentTests.xctest; sourceTree = BUILT_PRODUCTS_DIR; };
		0520E91A2DB442B6002B0A87 /* HatchAssignmentUITests.xctest */ = {isa = PBXFileReference; explicitFileType = wrapper.cfbundle; includeInIndex = 0; path = HatchAssignmentUITests.xctest; sourceTree = BUILT_PRODUCTS_DIR; };
		05C047BC2DC1698E00C26C3F /* AppModules */ = {isa = PBXFileReference; lastKnownFileType = wrapper; path = AppModules; sourceTree = SOURCE_ROOT; };
/* End PBXFileReference section */

/* Begin PBXFileSystemSynchronizedRootGroup section */
		0520E9052DB442B5002B0A87 /* HatchAssignment */ = {
			isa = PBXFileSystemSynchronizedRootGroup;
			path = HatchAssignment;
			sourceTree = "<group>";
		};
		0520E9132DB442B6002B0A87 /* HatchAssignmentTests */ = {
			isa = PBXFileSystemSynchronizedRootGroup;
			path = HatchAssignmentTests;
			sourceTree = "<group>";
		};
		0520E91D2DB442B6002B0A87 /* HatchAssignmentUITests */ = {
			isa = PBXFileSystemSynchronizedRootGroup;
			path = HatchAssignmentUITests;
			sourceTree = "<group>";
		};
/* End PBXFileSystemSynchronizedRootGroup section */

/* Begin PBXFrameworksBuildPhase section */
		0520E9002DB442B5002B0A87 /* Frameworks */ = {
			isa = PBXFrameworksBuildPhase;
			buildActionMask = 2147483647;
			files = (
				05145EBD2DC16C37001461B6 /* AppModules in Frameworks */,
				0500B8A02DB8AB47007EA538 /* SwiftUIIntrospect in Frameworks */,
			);
			runOnlyForDeploymentPostprocessing = 0;
		};
		0520E90D2DB442B6002B0A87 /* Frameworks */ = {
			isa = PBXFrameworksBuildPhase;
			buildActionMask = 2147483647;
			files = (
			);
			runOnlyForDeploymentPostprocessing = 0;
		};
		0520E9172DB442B6002B0A87 /* Frameworks */ = {
			isa = PBXFrameworksBuildPhase;
			buildActionMask = 2147483647;
			files = (
			);
			runOnlyForDeploymentPostprocessing = 0;
		};
/* End PBXFrameworksBuildPhase section */

/* Begin PBXGroup section */
		05145EBB2DC16C37001461B6 /* Frameworks */ = {
			isa = PBXGroup;
			children = (
			);
			name = Frameworks;
			sourceTree = "<group>";
		};
		0520E8FA2DB442B5002B0A87 = {
			isa = PBXGroup;
			children = (
				05C047BC2DC1698E00C26C3F /* AppModules */,
				0520E9052DB442B5002B0A87 /* HatchAssignment */,
				0520E9132DB442B6002B0A87 /* HatchAssignmentTests */,
				0520E91D2DB442B6002B0A87 /* HatchAssignmentUITests */,
				05145EBB2DC16C37001461B6 /* Frameworks */,
				0520E9042DB442B5002B0A87 /* Products */,
			);
			sourceTree = "<group>";
		};
		0520E9042DB442B5002B0A87 /* Products */ = {
			isa = PBXGroup;
			children = (
				0520E9032DB442B5002B0A87 /* HatchAssignment.app */,
				0520E9102DB442B6002B0A87 /* HatchAssignmentTests.xctest */,
				0520E91A2DB442B6002B0A87 /* HatchAssignmentUITests.xctest */,
			);
			name = Products;
			sourceTree = "<group>";
		};
/* End PBXGroup section */

/* Begin PBXNativeTarget section */
		0520E9022DB442B5002B0A87 /* HatchAssignment */ = {
			isa = PBXNativeTarget;
			buildConfigurationList = 0520E9242DB442B6002B0A87 /* Build configuration list for PBXNativeTarget "HatchAssignment" */;
			buildPhases = (
				0520E8FF2DB442B5002B0A87 /* Sources */,
				0520E9002DB442B5002B0A87 /* Frameworks */,
				0520E9012DB442B5002B0A87 /* Resources */,
			);
			buildRules = (
			);
			dependencies = (
			);
			fileSystemSynchronizedGroups = (
				0520E9052DB442B5002B0A87 /* HatchAssignment */,
			);
			name = HatchAssignment;
			packageProductDependencies = (
				0500B89F2DB8AB47007EA538 /* SwiftUIIntrospect */,
				05145EBC2DC16C37001461B6 /* AppModules */,
			);
			productName = HatchAssignment;
			productReference = 0520E9032DB442B5002B0A87 /* HatchAssignment.app */;
			productType = "com.apple.product-type.application";
		};
		0520E90F2DB442B6002B0A87 /* HatchAssignmentTests */ = {
			isa = PBXNativeTarget;
			buildConfigurationList = 0520E9272DB442B6002B0A87 /* Build configuration list for PBXNativeTarget "HatchAssignmentTests" */;
			buildPhases = (
				0520E90C2DB442B6002B0A87 /* Sources */,
				0520E90D2DB442B6002B0A87 /* Frameworks */,
				0520E90E2DB442B6002B0A87 /* Resources */,
			);
			buildRules = (
			);
			dependencies = (
				0520E9122DB442B6002B0A87 /* PBXTargetDependency */,
			);
			fileSystemSynchronizedGroups = (
				0520E9132DB442B6002B0A87 /* HatchAssignmentTests */,
			);
			name = HatchAssignmentTests;
			packageProductDependencies = (
			);
			productName = HatchAssignmentTests;
			productReference = 0520E9102DB442B6002B0A87 /* HatchAssignmentTests.xctest */;
			productType = "com.apple.product-type.bundle.unit-test";
		};
		0520E9192DB442B6002B0A87 /* HatchAssignmentUITests */ = {
			isa = PBXNativeTarget;
			buildConfigurationList = 0520E92A2DB442B6002B0A87 /* Build configuration list for PBXNativeTarget "HatchAssignmentUITests" */;
			buildPhases = (
				0520E9162DB442B6002B0A87 /* Sources */,
				0520E9172DB442B6002B0A87 /* Frameworks */,
				0520E9182DB442B6002B0A87 /* Resources */,
			);
			buildRules = (
			);
			dependencies = (
				0520E91C2DB442B6002B0A87 /* PBXTargetDependency */,
			);
			fileSystemSynchronizedGroups = (
				0520E91D2DB442B6002B0A87 /* HatchAssignmentUITests */,
			);
			name = HatchAssignmentUITests;
			packageProductDependencies = (
			);
			productName = HatchAssignmentUITests;
			productReference = 0520E91A2DB442B6002B0A87 /* HatchAssignmentUITests.xctest */;
			productType = "com.apple.product-type.bundle.ui-testing";
		};
/* End PBXNativeTarget section */

/* Begin PBXProject section */
		0520E8FB2DB442B5002B0A87 /* Project object */ = {
			isa = PBXProject;
			attributes = {
				BuildIndependentTargetsInParallel = 1;
				LastSwiftUpdateCheck = 1630;
				LastUpgradeCheck = 1630;
				TargetAttributes = {
					0520E9022DB442B5002B0A87 = {
						CreatedOnToolsVersion = 16.3;
					};
					0520E90F2DB442B6002B0A87 = {
						CreatedOnToolsVersion = 16.3;
						TestTargetID = 0520E9022DB442B5002B0A87;
					};
					0520E9192DB442B6002B0A87 = {
						CreatedOnToolsVersion = 16.3;
						TestTargetID = 0520E9022DB442B5002B0A87;
					};
				};
			};
			buildConfigurationList = 0520E8FE2DB442B5002B0A87 /* Build configuration list for PBXProject "HatchAssignment" */;
			developmentRegion = en;
			hasScannedForEncodings = 0;
			knownRegions = (
				en,
				Base,
			);
			mainGroup = 0520E8FA2DB442B5002B0A87;
			minimizedProjectReferenceProxies = 1;
			packageReferences = (
				0500B89E2DB8AB47007EA538 /* XCRemoteSwiftPackageReference "swiftui-introspect" */,
			);
			preferredProjectObjectVersion = 77;
			productRefGroup = 0520E9042DB442B5002B0A87 /* Products */;
			projectDirPath = "";
			projectRoot = "";
			targets = (
				0520E9022DB442B5002B0A87 /* HatchAssignment */,
				0520E90F2DB442B6002B0A87 /* HatchAssignmentTests */,
				0520E9192DB442B6002B0A87 /* HatchAssignmentUITests */,
			);
		};
/* End PBXProject section */

/* Begin PBXResourcesBuildPhase section */
		0520E9012DB442B5002B0A87 /* Resources */ = {
			isa = PBXResourcesBuildPhase;
			buildActionMask = 2147483647;
			files = (
			);
			runOnlyForDeploymentPostprocessing = 0;
		};
		0520E90E2DB442B6002B0A87 /* Resources */ = {
			isa = PBXResourcesBuildPhase;
			buildActionMask = 2147483647;
			files = (
			);
			runOnlyForDeploymentPostprocessing = 0;
		};
		0520E9182DB442B6002B0A87 /* Resources */ = {
			isa = PBXResourcesBuildPhase;
			buildActionMask = 2147483647;
			files = (
			);
			runOnlyForDeploymentPostprocessing = 0;
		};
/* End PBXResourcesBuildPhase section */

/* Begin PBXSourcesBuildPhase section */
		0520E8FF2DB442B5002B0A87 /* Sources */ = {
			isa = PBXSourcesBuildPhase;
			buildActionMask = 2147483647;
			files = (
			);
			runOnlyForDeploymentPostprocessing = 0;
		};
		0520E90C2DB442B6002B0A87 /* Sources */ = {
			isa = PBXSourcesBuildPhase;
			buildActionMask = 2147483647;
			files = (
			);
			runOnlyForDeploymentPostprocessing = 0;
		};
		0520E9162DB442B6002B0A87 /* Sources */ = {
			isa = PBXSourcesBuildPhase;
			buildActionMask = 2147483647;
			files = (
			);
			runOnlyForDeploymentPostprocessing = 0;
		};
/* End PBXSourcesBuildPhase section */

/* Begin PBXTargetDependency section */
		0520E9122DB442B6002B0A87 /* PBXTargetDependency */ = {
			isa = PBXTargetDependency;
			target = 0520E9022DB442B5002B0A87 /* HatchAssignment */;
			targetProxy = 0520E9112DB442B6002B0A87 /* PBXContainerItemProxy */;
		};
		0520E91C2DB442B6002B0A87 /* PBXTargetDependency */ = {
			isa = PBXTargetDependency;
			target = 0520E9022DB442B5002B0A87 /* HatchAssignment */;
			targetProxy = 0520E91B2DB442B6002B0A87 /* PBXContainerItemProxy */;
		};
/* End PBXTargetDependency section */

/* Begin XCBuildConfiguration section */
		0520E9222DB442B6002B0A87 /* Debug */ = {
			isa = XCBuildConfiguration;
			buildSettings = {
				ALWAYS_SEARCH_USER_PATHS = NO;
				ASSETCATALOG_COMPILER_GENERATE_SWIFT_ASSET_SYMBOL_EXTENSIONS = YES;
				CLANG_ANALYZER_NONNULL = YES;
				CLANG_ANALYZER_NUMBER_OBJECT_CONVERSION = YES_AGGRESSIVE;
				CLANG_CXX_LANGUAGE_STANDARD = "gnu++20";
				CLANG_ENABLE_MODULES = YES;
				CLANG_ENABLE_OBJC_ARC = YES;
				CLANG_ENABLE_OBJC_WEAK = YES;
				CLANG_WARN_BLOCK_CAPTURE_AUTORELEASING = YES;
				CLANG_WARN_BOOL_CONVERSION = YES;
				CLANG_WARN_COMMA = YES;
				CLANG_WARN_CONSTANT_CONVERSION = YES;
				CLANG_WARN_DEPRECATED_OBJC_IMPLEMENTATIONS = YES;
				CLANG_WARN_DIRECT_OBJC_ISA_USAGE = YES_ERROR;
				CLANG_WARN_DOCUMENTATION_COMMENTS = YES;
				CLANG_WARN_EMPTY_BODY = YES;
				CLANG_WARN_ENUM_CONVERSION = YES;
				CLANG_WARN_INFINITE_RECURSION = YES;
				CLANG_WARN_INT_CONVERSION = YES;
				CLANG_WARN_NON_LITERAL_NULL_CONVERSION = YES;
				CLANG_WARN_OBJC_IMPLICIT_RETAIN_SELF = YES;
				CLANG_WARN_OBJC_LITERAL_CONVERSION = YES;
				CLANG_WARN_OBJC_ROOT_CLASS = YES_ERROR;
				CLANG_WARN_QUOTED_INCLUDE_IN_FRAMEWORK_HEADER = YES;
				CLANG_WARN_RANGE_LOOP_ANALYSIS = YES;
				CLANG_WARN_STRICT_PROTOTYPES = YES;
				CLANG_WARN_SUSPICIOUS_MOVE = YES;
				CLANG_WARN_UNGUARDED_AVAILABILITY = YES_AGGRESSIVE;
				CLANG_WARN_UNREACHABLE_CODE = YES;
				CLANG_WARN__DUPLICATE_METHOD_MATCH = YES;
				COPY_PHASE_STRIP = NO;
				DEBUG_INFORMATION_FORMAT = dwarf;
				DEVELOPMENT_TEAM = 6J24DF2E7Y;
				ENABLE_STRICT_OBJC_MSGSEND = YES;
				ENABLE_TESTABILITY = YES;
				ENABLE_USER_SCRIPT_SANDBOXING = YES;
				GCC_C_LANGUAGE_STANDARD = gnu17;
				GCC_DYNAMIC_NO_PIC = NO;
				GCC_NO_COMMON_BLOCKS = YES;
				GCC_OPTIMIZATION_LEVEL = 0;
				GCC_PREPROCESSOR_DEFINITIONS = (
					"DEBUG=1",
					"$(inherited)",
				);
				GCC_WARN_64_TO_32_BIT_CONVERSION = YES;
				GCC_WARN_ABOUT_RETURN_TYPE = YES_ERROR;
				GCC_WARN_UNDECLARED_SELECTOR = YES;
				GCC_WARN_UNINITIALIZED_AUTOS = YES_AGGRESSIVE;
				GCC_WARN_UNUSED_FUNCTION = YES;
				GCC_WARN_UNUSED_VARIABLE = YES;
				IPHONEOS_DEPLOYMENT_TARGET = 18.4;
				LOCALIZATION_PREFERS_STRING_CATALOGS = YES;
				MTL_ENABLE_DEBUG_INFO = INCLUDE_SOURCE;
				MTL_FAST_MATH = YES;
				ONLY_ACTIVE_ARCH = YES;
				SDKROOT = iphoneos;
				SWIFT_ACTIVE_COMPILATION_CONDITIONS = "DEBUG $(inherited)";
				SWIFT_OPTIMIZATION_LEVEL = "-Onone";
			};
			name = Debug;
		};
		0520E9232DB442B6002B0A87 /* Release */ = {
			isa = XCBuildConfiguration;
			buildSettings = {
				ALWAYS_SEARCH_USER_PATHS = NO;
				ASSETCATALOG_COMPILER_GENERATE_SWIFT_ASSET_SYMBOL_EXTENSIONS = YES;
				CLANG_ANALYZER_NONNULL = YES;
				CLANG_ANALYZER_NUMBER_OBJECT_CONVERSION = YES_AGGRESSIVE;
				CLANG_CXX_LANGUAGE_STANDARD = "gnu++20";
				CLANG_ENABLE_MODULES = YES;
				CLANG_ENABLE_OBJC_ARC = YES;
				CLANG_ENABLE_OBJC_WEAK = YES;
				CLANG_WARN_BLOCK_CAPTURE_AUTORELEASING = YES;
				CLANG_WARN_BOOL_CONVERSION = YES;
				CLANG_WARN_COMMA = YES;
				CLANG_WARN_CONSTANT_CONVERSION = YES;
				CLANG_WARN_DEPRECATED_OBJC_IMPLEMENTATIONS = YES;
				CLANG_WARN_DIRECT_OBJC_ISA_USAGE = YES_ERROR;
				CLANG_WARN_DOCUMENTATION_COMMENTS = YES;
				CLANG_WARN_EMPTY_BODY = YES;
				CLANG_WARN_ENUM_CONVERSION = YES;
				CLANG_WARN_INFINITE_RECURSION = YES;
				CLANG_WARN_INT_CONVERSION = YES;
				CLANG_WARN_NON_LITERAL_NULL_CONVERSION = YES;
				CLANG_WARN_OBJC_IMPLICIT_RETAIN_SELF = YES;
				CLANG_WARN_OBJC_LITERAL_CONVERSION = YES;
				CLANG_WARN_OBJC_ROOT_CLASS = YES_ERROR;
				CLANG_WARN_QUOTED_INCLUDE_IN_FRAMEWORK_HEADER = YES;
				CLANG_WARN_RANGE_LOOP_ANALYSIS = YES;
				CLANG_WARN_STRICT_PROTOTYPES = YES;
				CLANG_WARN_SUSPICIOUS_MOVE = YES;
				CLANG_WARN_UNGUARDED_AVAILABILITY = YES_AGGRESSIVE;
				CLANG_WARN_UNREACHABLE_CODE = YES;
				CLANG_WARN__DUPLICATE_METHOD_MATCH = YES;
				COPY_PHASE_STRIP = NO;
				DEBUG_INFORMATION_FORMAT = "dwarf-with-dsym";
				DEVELOPMENT_TEAM = 6J24DF2E7Y;
				ENABLE_NS_ASSERTIONS = NO;
				ENABLE_STRICT_OBJC_MSGSEND = YES;
				ENABLE_USER_SCRIPT_SANDBOXING = YES;
				GCC_C_LANGUAGE_STANDARD = gnu17;
				GCC_NO_COMMON_BLOCKS = YES;
				GCC_WARN_64_TO_32_BIT_CONVERSION = YES;
				GCC_WARN_ABOUT_RETURN_TYPE = YES_ERROR;
				GCC_WARN_UNDECLARED_SELECTOR = YES;
				GCC_WARN_UNINITIALIZED_AUTOS = YES_AGGRESSIVE;
				GCC_WARN_UNUSED_FUNCTION = YES;
				GCC_WARN_UNUSED_VARIABLE = YES;
				IPHONEOS_DEPLOYMENT_TARGET = 18.4;
				LOCALIZATION_PREFERS_STRING_CATALOGS = YES;
				MTL_ENABLE_DEBUG_INFO = NO;
				MTL_FAST_MATH = YES;
				SDKROOT = iphoneos;
				SWIFT_COMPILATION_MODE = wholemodule;
				VALIDATE_PRODUCT = YES;
			};
			name = Release;
		};
		0520E9252DB442B6002B0A87 /* Debug */ = {
			isa = XCBuildConfiguration;
			buildSettings = {
				ASSETCATALOG_COMPILER_APPICON_NAME = AppIcon;
				ASSETCATALOG_COMPILER_GLOBAL_ACCENT_COLOR_NAME = AccentColor;
				CODE_SIGN_STYLE = Automatic;
				CURRENT_PROJECT_VERSION = 1;
				DEVELOPMENT_TEAM = 6J24DF2E7Y;
				ENABLE_PREVIEWS = YES;
				GENERATE_INFOPLIST_FILE = YES;
				INFOPLIST_KEY_UIApplicationSceneManifest_Generation = YES;
				INFOPLIST_KEY_UIApplicationSupportsIndirectInputEvents = YES;
				INFOPLIST_KEY_UILaunchScreen_Generation = YES;
				INFOPLIST_KEY_UISupportedInterfaceOrientations_iPad = "UIInterfaceOrientationPortrait UIInterfaceOrientationPortraitUpsideDown UIInterfaceOrientationLandscapeLeft UIInterfaceOrientationLandscapeRight";
				INFOPLIST_KEY_UISupportedInterfaceOrientations_iPhone = "UIInterfaceOrientationPortrait UIInterfaceOrientationLandscapeLeft UIInterfaceOrientationLandscapeRight";
				IPHONEOS_DEPLOYMENT_TARGET = 18.3;
				LD_RUNPATH_SEARCH_PATHS = (
					"$(inherited)",
					"@executable_path/Frameworks",
				);
				MARKETING_VERSION = 1.0;
				PRODUCT_BUNDLE_IDENTIFIER = com.jt501.HatchAssignment;
				PRODUCT_NAME = "$(TARGET_NAME)";
				SWIFT_EMIT_LOC_STRINGS = YES;
				SWIFT_VERSION = 5.0;
				TARGETED_DEVICE_FAMILY = "1,2";
			};
			name = Debug;
		};
		0520E9262DB442B6002B0A87 /* Release */ = {
			isa = XCBuildConfiguration;
			buildSettings = {
				ASSETCATALOG_COMPILER_APPICON_NAME = AppIcon;
				ASSETCATALOG_COMPILER_GLOBAL_ACCENT_COLOR_NAME = AccentColor;
				CODE_SIGN_STYLE = Automatic;
				CURRENT_PROJECT_VERSION = 1;
				DEVELOPMENT_TEAM = 6J24DF2E7Y;
				ENABLE_PREVIEWS = YES;
				GENERATE_INFOPLIST_FILE = YES;
				INFOPLIST_KEY_UIApplicationSceneManifest_Generation = YES;
				INFOPLIST_KEY_UIApplicationSupportsIndirectInputEvents = YES;
				INFOPLIST_KEY_UILaunchScreen_Generation = YES;
				INFOPLIST_KEY_UISupportedInterfaceOrientations_iPad = "UIInterfaceOrientationPortrait UIInterfaceOrientationPortraitUpsideDown UIInterfaceOrientationLandscapeLeft UIInterfaceOrientationLandscapeRight";
				INFOPLIST_KEY_UISupportedInterfaceOrientations_iPhone = "UIInterfaceOrientationPortrait UIInterfaceOrientationLandscapeLeft UIInterfaceOrientationLandscapeRight";
				IPHONEOS_DEPLOYMENT_TARGET = 18.3;
				LD_RUNPATH_SEARCH_PATHS = (
					"$(inherited)",
					"@executable_path/Frameworks",
				);
				MARKETING_VERSION = 1.0;
				PRODUCT_BUNDLE_IDENTIFIER = com.jt501.HatchAssignment;
				PRODUCT_NAME = "$(TARGET_NAME)";
				SWIFT_EMIT_LOC_STRINGS = YES;
				SWIFT_VERSION = 5.0;
				TARGETED_DEVICE_FAMILY = "1,2";
			};
			name = Release;
		};
		0520E9282DB442B6002B0A87 /* Debug */ = {
			isa = XCBuildConfiguration;
			buildSettings = {
				BUNDLE_LOADER = "$(TEST_HOST)";
				CODE_SIGN_STYLE = Automatic;
				CURRENT_PROJECT_VERSION = 1;
				DEVELOPMENT_TEAM = 6J24DF2E7Y;
				GENERATE_INFOPLIST_FILE = YES;
				IPHONEOS_DEPLOYMENT_TARGET = 18.4;
				MARKETING_VERSION = 1.0;
				PRODUCT_BUNDLE_IDENTIFIER = com.jt501.HatchAssignmentTests;
				PRODUCT_NAME = "$(TARGET_NAME)";
				SWIFT_EMIT_LOC_STRINGS = NO;
				SWIFT_VERSION = 5.0;
				TARGETED_DEVICE_FAMILY = "1,2";
				TEST_HOST = "$(BUILT_PRODUCTS_DIR)/HatchAssignment.app/$(BUNDLE_EXECUTABLE_FOLDER_PATH)/HatchAssignment";
			};
			name = Debug;
		};
		0520E9292DB442B6002B0A87 /* Release */ = {
			isa = XCBuildConfiguration;
			buildSettings = {
				BUNDLE_LOADER = "$(TEST_HOST)";
				CODE_SIGN_STYLE = Automatic;
				CURRENT_PROJECT_VERSION = 1;
				DEVELOPMENT_TEAM = 6J24DF2E7Y;
				GENERATE_INFOPLIST_FILE = YES;
				IPHONEOS_DEPLOYMENT_TARGET = 18.4;
				MARKETING_VERSION = 1.0;
				PRODUCT_BUNDLE_IDENTIFIER = com.jt501.HatchAssignmentTests;
				PRODUCT_NAME = "$(TARGET_NAME)";
				SWIFT_EMIT_LOC_STRINGS = NO;
				SWIFT_VERSION = 5.0;
				TARGETED_DEVICE_FAMILY = "1,2";
				TEST_HOST = "$(BUILT_PRODUCTS_DIR)/HatchAssignment.app/$(BUNDLE_EXECUTABLE_FOLDER_PATH)/HatchAssignment";
			};
			name = Release;
		};
		0520E92B2DB442B6002B0A87 /* Debug */ = {
			isa = XCBuildConfiguration;
			buildSettings = {
				CODE_SIGN_STYLE = Automatic;
				CURRENT_PROJECT_VERSION = 1;
				DEVELOPMENT_TEAM = 6J24DF2E7Y;
				GENERATE_INFOPLIST_FILE = YES;
				MARKETING_VERSION = 1.0;
				PRODUCT_BUNDLE_IDENTIFIER = com.jt501.HatchAssignmentUITests;
				PRODUCT_NAME = "$(TARGET_NAME)";
				SWIFT_EMIT_LOC_STRINGS = NO;
				SWIFT_VERSION = 5.0;
				TARGETED_DEVICE_FAMILY = "1,2";
				TEST_TARGET_NAME = HatchAssignment;
			};
			name = Debug;
		};
		0520E92C2DB442B6002B0A87 /* Release */ = {
			isa = XCBuildConfiguration;
			buildSettings = {
				CODE_SIGN_STYLE = Automatic;
				CURRENT_PROJECT_VERSION = 1;
				DEVELOPMENT_TEAM = 6J24DF2E7Y;
				GENERATE_INFOPLIST_FILE = YES;
				MARKETING_VERSION = 1.0;
				PRODUCT_BUNDLE_IDENTIFIER = com.jt501.HatchAssignmentUITests;
				PRODUCT_NAME = "$(TARGET_NAME)";
				SWIFT_EMIT_LOC_STRINGS = NO;
				SWIFT_VERSION = 5.0;
				TARGETED_DEVICE_FAMILY = "1,2";
				TEST_TARGET_NAME = HatchAssignment;
			};
			name = Release;
		};
/* End XCBuildConfiguration section */

/* Begin XCConfigurationList section */
		0520E8FE2DB442B5002B0A87 /* Build configuration list for PBXProject "HatchAssignment" */ = {
			isa = XCConfigurationList;
			buildConfigurations = (
				0520E9222DB442B6002B0A87 /* Debug */,
				0520E9232DB442B6002B0A87 /* Release */,
			);
			defaultConfigurationIsVisible = 0;
			defaultConfigurationName = Release;
		};
		0520E9242DB442B6002B0A87 /* Build configuration list for PBXNativeTarget "HatchAssignment" */ = {
			isa = XCConfigurationList;
			buildConfigurations = (
				0520E9252DB442B6002B0A87 /* Debug */,
				0520E9262DB442B6002B0A87 /* Release */,
			);
			defaultConfigurationIsVisible = 0;
			defaultConfigurationName = Release;
		};
		0520E9272DB442B6002B0A87 /* Build configuration list for PBXNativeTarget "HatchAssignmentTests" */ = {
			isa = XCConfigurationList;
			buildConfigurations = (
				0520E9282DB442B6002B0A87 /* Debug */,
				0520E9292DB442B6002B0A87 /* Release */,
			);
			defaultConfigurationIsVisible = 0;
			defaultConfigurationName = Release;
		};
		0520E92A2DB442B6002B0A87 /* Build configuration list for PBXNativeTarget "HatchAssignmentUITests" */ = {
			isa = XCConfigurationList;
			buildConfigurations = (
				0520E92B2DB442B6002B0A87 /* Debug */,
				0520E92C2DB442B6002B0A87 /* Release */,
			);
			defaultConfigurationIsVisible = 0;
			defaultConfigurationName = Release;
		};
/* End XCConfigurationList section */

/* Begin XCRemoteSwiftPackageReference section */
		0500B89E2DB8AB47007EA538 /* XCRemoteSwiftPackageReference "swiftui-introspect" */ = {
			isa = XCRemoteSwiftPackageReference;
			repositoryURL = "https://github.com/siteline/swiftui-introspect";
			requirement = {
				kind = upToNextMajorVersion;
				minimumVersion = 1.3.0;
			};
		};
/* End XCRemoteSwiftPackageReference section */

/* Begin XCSwiftPackageProductDependency section */
		0500B89F2DB8AB47007EA538 /* SwiftUIIntrospect */ = {
			isa = XCSwiftPackageProductDependency;
			package = 0500B89E2DB8AB47007EA538 /* XCRemoteSwiftPackageReference "swiftui-introspect" */;
			productName = SwiftUIIntrospect;
		};
		05145EBC2DC16C37001461B6 /* AppModules */ = {
			isa = XCSwiftPackageProductDependency;
			productName = AppModules;
		};
/* End XCSwiftPackageProductDependency section */
	};
	rootObject = 0520E8FB2DB442B5002B0A87 /* Project object */;
}
